
Microsoft Visual Studio Solution File, Format Version 12.00
# Visual Studio Version 17
VisualStudioVersion = 17.8.34330.188
MinimumVisualStudioVersion = 10.0.40219.1
Project("{FAE04EC0-301F-11D3-BF4B-00C04F79EFBC}") = "4096sharp", "4096sharp.csproj", "{009A0EE6-45C9-475D-AD05-42B419828D70}"
EndProject
Global
	GlobalSection(SolutionConfigurationPlatforms) = preSolution
		Debug|Any CPU = Debug|Any CPU
		Release|Any CPU = Release|Any CPU
	EndGlobalSection
	GlobalSection(ProjectConfigurationPlatforms) = postSolution
		{009A0EE6-45C9-475D-AD05-42B419828D70}.Debug|Any CPU.ActiveCfg = Debug|Any CPU
		{009A0EE6-45C9-475D-AD05-42B419828D70}.Debug|Any CPU.Build.0 = Debug|Any CPU
		{009A0EE6-45C9-475D-AD05-42B419828D70}.Release|Any CPU.ActiveCfg = Release|Any CPU
		{009A0EE6-45C9-475D-AD05-42B419828D70}.Release|Any CPU.Build.0 = Release|Any CPU
	EndGlobalSection
	GlobalSection(SolutionProperties) = preSolution
		HideSolutionNode = FALSE
	EndGlobalSection
	GlobalSection(ExtensibilityGlobals) = postSolution
		SolutionGuid = {EE5B01C6-543A-4782-869C-4E7778C7A3BF}
	EndGlobalSection
EndGlobal
